
Microsoft Visual Studio Solution File, Format Version 12.00
# Visual Studio Version 16
VisualStudioVersion = 16.0.30523.141
MinimumVisualStudioVersion = 10.0.40219.1
Project("{FAE04EC0-301F-11D3-BF4B-00C04F79EFBC}") = "Modalne_okna_dialogowe", "Modalne_okna_dialogowe\Modalne_okna_dialogowe.csproj", "{2D016311-BCA9-4369-ACB5-A6C7697F8F50}"
EndProject
Global
	GlobalSection(SolutionConfigurationPlatforms) = preSolution
		Debug|Any CPU = Debug|Any CPU
		Release|Any CPU = Release|Any CPU
	EndGlobalSection
	GlobalSection(ProjectConfigurationPlatforms) = postSolution
		{2D016311-BCA9-4369-ACB5-A6C7697F8F50}.Debug|Any CPU.ActiveCfg = Debug|Any CPU
		{2D016311-BCA9-4369-ACB5-A6C7697F8F50}.Debug|Any CPU.Build.0 = Debug|Any CPU
		{2D016311-BCA9-4369-ACB5-A6C7697F8F50}.Release|Any CPU.ActiveCfg = Release|Any CPU
		{2D016311-BCA9-4369-ACB5-A6C7697F8F50}.Release|Any CPU.Build.0 = Release|Any CPU
	EndGlobalSection
	GlobalSection(SolutionProperties) = preSolution
		HideSolutionNode = FALSE
	EndGlobalSection
	GlobalSection(ExtensibilityGlobals) = postSolution
		SolutionGuid = {29D97513-497F-4161-952A-EEE1398B14E7}
	EndGlobalSection
EndGlobal
